{
    "version": 3,
    "terraform_version": "0.11.7",
    "serial": 3,
    "lineage": "8c9b1576-f83c-e3d1-9edd-c9e2eea812f5",
    "modules": [
        {
            "path": [
                "root"
            ],
            "outputs": {},
            "resources": {
                "data.google_compute_image.centos": {
                    "type": "google_compute_image",
                    "depends_on": [],
                    "primary": {
                        "id": "centos-cloud/family/centos-7",
                        "attributes": {
                            "archive_size_bytes": "14045379328",
                            "creation_timestamp": "2018-08-15T15:04:38.979-07:00",
                            "description": "CentOS, CentOS, 7, x86_64 built on 20180815",
                            "disk_size_gb": "10",
                            "family": "centos-7",
                            "id": "centos-cloud/family/centos-7",
                            "image_encryption_key_sha256": "",
                            "image_id": "247249140488674713",
                            "label_fingerprint": "42WmSpB8rSM=",
                            "labels.%": "0",
                            "licenses.#": "1",
                            "licenses.0": "https://www.googleapis.com/compute/v1/projects/centos-cloud/global/licenses/centos-7",
                            "name": "centos-7-v20180815",
                            "project": "centos-cloud",
                            "self_link": "https://www.googleapis.com/compute/v1/projects/centos-cloud/global/images/centos-7-v20180815",
                            "source_disk": "",
                            "source_disk_encryption_key_sha256": "",
                            "source_disk_id": "",
                            "source_image_id": "",
                            "status": "READY"
                        },
                        "meta": {},
                        "tainted": false
                    },
                    "deposed": [],
                    "provider": "provider.google"
                },
                "data.google_compute_image.ubuntu": {
                    "type": "google_compute_image",
                    "depends_on": [],
                    "primary": {
                        "id": "ubuntu-os-cloud/family/ubuntu-1604-lts",
                        "attributes": {
                            "archive_size_bytes": "5688511168",
                            "creation_timestamp": "2018-08-14T17:58:54.657-07:00",
                            "description": "Canonical, Ubuntu, 16.04 LTS, amd64 xenial image built on 2018-08-14",
                            "disk_size_gb": "10",
                            "family": "ubuntu-1604-lts",
                            "id": "ubuntu-os-cloud/family/ubuntu-1604-lts",
                            "image_encryption_key_sha256": "",
                            "image_id": "8182516393139160097",
                            "label_fingerprint": "42WmSpB8rSM=",
                            "labels.%": "0",
                            "licenses.#": "1",
                            "licenses.0": "https://www.googleapis.com/compute/v1/projects/ubuntu-os-cloud/global/licenses/ubuntu-1604-xenial",
                            "name": "ubuntu-1604-xenial-v20180814",
                            "project": "ubuntu-os-cloud",
                            "self_link": "https://www.googleapis.com/compute/v1/projects/ubuntu-os-cloud/global/images/ubuntu-1604-xenial-v20180814",
                            "source_disk": "",
                            "source_disk_encryption_key_sha256": "",
                            "source_disk_id": "",
                            "source_image_id": "",
                            "status": "READY"
                        },
                        "meta": {},
                        "tainted": false
                    },
                    "deposed": [],
                    "provider": "provider.google"
                }
            },
            "depends_on": []
        },
        {
            "path": [
                "root",
                "gcp"
            ],
            "outputs": {
                "instance_ips": {
                    "sensitive": false,
                    "type": "string",
                    "value": "104.196.253.56"
                }
            },
            "resources": {
                "data.google_compute_zones.available": {
                    "type": "google_compute_zones",
                    "depends_on": [],
                    "primary": {
                        "id": "2018-08-27 23:50:06.573500307 +0000 UTC",
                        "attributes": {
                            "id": "2018-08-27 23:50:06.573500307 +0000 UTC",
                            "names.#": "3",
                            "names.0": "us-west1-a",
                            "names.1": "us-west1-b",
                            "names.2": "us-west1-c",
                            "project": "netsil-test-210000",
                            "region": "us-west1",
                            "status": "UP"
                        },
                        "meta": {},
                        "tainted": false
                    },
                    "deposed": [],
                    "provider": "provider.google"
                },
                "google_compute_disk.instances": {
                    "type": "google_compute_disk",
                    "depends_on": [
                        "data.google_compute_zones.available"
                    ],
                    "primary": {
                        "id": "gcp-alpha-1",
                        "attributes": {
                            "creation_timestamp": "2018-08-27T16:50:10.936-07:00",
                            "description": "",
                            "disk_encryption_key.#": "0",
                            "id": "gcp-alpha-1",
                            "image": "https://www.googleapis.com/compute/v1/projects/ubuntu-os-cloud/global/images/ubuntu-1604-xenial-v20180814",
                            "label_fingerprint": "42WmSpB8rSM=",
                            "labels.%": "0",
                            "last_attach_timestamp": "",
                            "last_detach_timestamp": "",
                            "name": "gcp-alpha-1",
                            "project": "netsil-test-210000",
                            "self_link": "https://www.googleapis.com/compute/v1/projects/netsil-test-210000/zones/us-west1-a/disks/gcp-alpha-1",
                            "size": "100",
                            "snapshot": "",
                            "source_image_encryption_key.#": "0",
                            "source_image_id": "8182516393139160097",
                            "source_snapshot_encryption_key.#": "0",
                            "source_snapshot_id": "",
                            "type": "pd-ssd",
                            "users.#": "0",
                            "zone": "us-west1-a"
                        },
                        "meta": {
                            "e2bfb730-ecaa-11e6-8f88-34363bc7c4c0": {
                                "create": 300000000000,
                                "delete": 240000000000,
                                "update": 240000000000
                            }
                        },
                        "tainted": false
                    },
                    "deposed": [],
                    "provider": "provider.google"
                },
                "google_compute_instance.instances": {
                    "type": "google_compute_instance",
                    "depends_on": [
                        "data.google_compute_zones.available",
                        "google_compute_disk.instances.*"
                    ],
                    "primary": {
                        "id": "gcp-alpha-1",
                        "attributes": {
                            "attached_disk.#": "0",
                            "boot_disk.#": "1",
                            "boot_disk.0.auto_delete": "false",
                            "boot_disk.0.device_name": "persistent-disk-0",
                            "boot_disk.0.disk_encryption_key_raw": "",
                            "boot_disk.0.disk_encryption_key_sha256": "",
                            "boot_disk.0.initialize_params.#": "1",
                            "boot_disk.0.initialize_params.0.image": "https://www.googleapis.com/compute/v1/projects/ubuntu-os-cloud/global/images/ubuntu-1604-xenial-v20180814",
                            "boot_disk.0.initialize_params.0.size": "100",
                            "boot_disk.0.initialize_params.0.type": "pd-ssd",
                            "boot_disk.0.source": "https://www.googleapis.com/compute/v1/projects/netsil-test-210000/zones/us-west1-a/disks/gcp-alpha-1",
                            "can_ip_forward": "false",
                            "cpu_platform": "Intel Broadwell",
                            "create_timeout": "4",
                            "deletion_protection": "false",
                            "guest_accelerator.#": "0",
                            "id": "gcp-alpha-1",
                            "instance_id": "5328115457879257297",
                            "label_fingerprint": "42WmSpB8rSM=",
                            "labels.%": "0",
                            "machine_type": "n1-standard-8",
                            "metadata.%": "1",
                            "metadata.ssh-keys": "ubuntu: ssh-rsa AAAAB3NzaC1yc2EAAAADAQABAAACAQDa2qldLjmsGQTOaBQQlotE0FcynSOkAIbeIbFcGgz/eaAo3IrNCgJx01kaxAy+EO1Yx77lf3nU8LUHn1KQqwXvtQQOMph7TnqXHa8ElXOyWx2us3RRj29PvWbPUl84nmbCiqBMJWMd4FsqRyUdDICkoggPZ9WUn3c9yPvtLUOsmz43Gv7ex0M71aYWlJQEB9gx3Hkp5NA5Zjw2sEG8b/uOARE4HitdyTsk7c2JCYx3zK8k+b6XBfhGwy+QotlLV908Gu39vRnP2qhQ9ccnTIGwLN1MiXrk1QVIci5glpUCyH2ThBj48c5oHYqLDDh1O0W4S1/8o4s8kxJ+YOJ6bRM9PiqrlrJfZNLZrkxs6kW9agpnn4foEy/j/znNQrKwZSmEtvHxlVGecFhmqD7nTmxB0G+rmUoFDsn9lnnhjEb1madlh5t0qpnyg+XcVWZ1EwblTny5TXEmauLORqMRBgAEvUJ0jgazdTqy9JjLaqqy/1pd7UW36inxvNitBKm8Zc7Kjtd8jIb7z4V2D6Hb00C/AthKXiNP8BCdMLLrSY0XQqYdrxrWzK3LkEeTrI1jhm/f2n5WTUikvompfODp4gUBHWmCTt594+uj3mzy7CWZCR1BKc7dVTICd6EPOSCjLsII9YA4BVD3OZAZl+PTaWPYTKle+A7N0PuX4HUi5wwIiw== centos",
                            "metadata_fingerprint": "3AJGTt8O3XE=",
                            "metadata_startup_script": "",
                            "min_cpu_platform": "",
                            "name": "gcp-alpha-1",
                            "network_interface.#": "1",
                            "network_interface.0.access_config.#": "1",
                            "network_interface.0.access_config.0.assigned_nat_ip": "104.196.253.56",
                            "network_interface.0.access_config.0.nat_ip": "104.196.253.56",
                            "network_interface.0.access_config.0.network_tier": "PREMIUM",
                            "network_interface.0.access_config.0.public_ptr_domain_name": "",
                            "network_interface.0.address": "10.138.0.2",
                            "network_interface.0.alias_ip_range.#": "0",
                            "network_interface.0.name": "nic0",
                            "network_interface.0.network": "https://www.googleapis.com/compute/v1/projects/netsil-test-210000/global/networks/default",
                            "network_interface.0.network_ip": "10.138.0.2",
                            "network_interface.0.subnetwork": "https://www.googleapis.com/compute/v1/projects/netsil-test-210000/regions/us-west1/subnetworks/default",
                            "network_interface.0.subnetwork_project": "netsil-test-210000",
                            "project": "netsil-test-210000",
                            "scheduling.#": "1",
                            "scheduling.0.automatic_restart": "true",
                            "scheduling.0.on_host_maintenance": "MIGRATE",
                            "scheduling.0.preemptible": "false",
                            "scratch_disk.#": "0",
                            "self_link": "https://www.googleapis.com/compute/v1/projects/netsil-test-210000/zones/us-west1-a/instances/gcp-alpha-1",
                            "service_account.#": "0",
                            "tags.#": "0",
                            "tags_fingerprint": "42WmSpB8rSM=",
                            "zone": "us-west1-a"
                        },
                        "meta": {
                            "e2bfb730-ecaa-11e6-8f88-34363bc7c4c0": {
                                "create": 360000000000,
                                "delete": 360000000000,
                                "update": 360000000000
                            },
                            "schema_version": "6"
                        },
                        "tainted": false
                    },
                    "deposed": [],
                    "provider": "provider.google"
                }
            },
            "depends_on": []
        }
    ]
}
